{
  "originHash" : "b6ac8d1efcbb103dd8058ab11c22a3b5b19297578131c0be165ca541764cc65c",
  "pins" : [
    {
      "identity" : "cancellation",
      "kind" : "remoteSourceControl",
      "location" : "https://github.com/randymarsh77/cancellation",
      "state" : {
        "branch" : "master",
        "revision" : "9d3c49371c268794809a07a842acaa8900ce7623"
      }
    },
    {
      "identity" : "idisposable",
      "kind" : "remoteSourceControl",
      "location" : "https://github.com/randymarsh77/idisposable",
      "state" : {
        "branch" : "master",
        "revision" : "768542b13317f12238d7ccdcbde3110cf0ecbb32"
      }
    },
    {
      "identity" : "scope",
      "kind" : "remoteSourceControl",
      "location" : "https://github.com/randymarsh77/scope",
      "state" : {
        "branch" : "master",
        "revision" : "3261f9bc51030e33967fc0ab504ae5ab692caa63"
      }
    }
  ],
  "version" : 3
}
